
Microsoft Visual Studio Solution File, Format Version 12.00
# Visual Studio Version 17
VisualStudioVersion = 17.14.36301.6 d17.14
MinimumVisualStudioVersion = 10.0.40219.1
Project("{FAE04EC0-301F-11D3-BF4B-00C04F79EFBC}") = "Construction_Materials_Supply_Chain", "Construction_Materials_Supply_Chain\Construction_Materials_Supply_Chain.csproj", "{4710FD6A-60ED-46B1-B66F-E6D2DC7BD8E8}"
EndProject
Global
	GlobalSection(SolutionConfigurationPlatforms) = preSolution
		Debug|Any CPU = Debug|Any CPU
		Release|Any CPU = Release|Any CPU
	EndGlobalSection
	GlobalSection(ProjectConfigurationPlatforms) = postSolution
		{4710FD6A-60ED-46B1-B66F-E6D2DC7BD8E8}.Debug|Any CPU.ActiveCfg = Debug|Any CPU
		{4710FD6A-60ED-46B1-B66F-E6D2DC7BD8E8}.Debug|Any CPU.Build.0 = Debug|Any CPU
		{4710FD6A-60ED-46B1-B66F-E6D2DC7BD8E8}.Release|Any CPU.ActiveCfg = Release|Any CPU
		{4710FD6A-60ED-46B1-B66F-E6D2DC7BD8E8}.Release|Any CPU.Build.0 = Release|Any CPU
	EndGlobalSection
	GlobalSection(SolutionProperties) = preSolution
		HideSolutionNode = FALSE
	EndGlobalSection
	GlobalSection(ExtensibilityGlobals) = postSolution
		SolutionGuid = {F10C7062-ECA5-4EF1-AD84-635C473975C6}
	EndGlobalSection
EndGlobal
